// !$*UTF8*$!
{
	archiveVersion = 1;
	classes = {
	};
	objectVersion = 50;
	objects = {

/* Begin PBXBuildFile section */
		171CD45421F6674C001186D1 /* AppDelegate.m in Sources */ = {isa = PBXBuildFile; fileRef = 171CD45321F6674C001186D1 /* AppDelegate.m */; };
		171CD45721F6674C001186D1 /* ViewController.m in Sources */ = {isa = PBXBuildFile; fileRef = 171CD45621F6674C001186D1 /* ViewController.m */; };
		171CD45A21F6674C001186D1 /* Main.storyboard in Resources */ = {isa = PBXBuildFile; fileRef = 171CD45821F6674C001186D1 /* Main.storyboard */; };
		171CD45C21F6674D001186D1 /* Assets.xcassets in Resources */ = {isa = PBXBuildFile; fileRef = 171CD45B21F6674D001186D1 /* Assets.xcassets */; };
		171CD45F21F6674D001186D1 /* LaunchScreen.storyboard in Resources */ = {isa = PBXBuildFile; fileRef = 171CD45D21F6674D001186D1 /* LaunchScreen.storyboard */; };
		171CD46221F6674D001186D1 /* main.m in Sources */ = {isa = PBXBuildFile; fileRef = 171CD46121F6674D001186D1 /* main.m */; };
		171CD46C21F6674E001186D1 /* MyScrollViewTests.m in Sources */ = {isa = PBXBuildFile; fileRef = 171CD46B21F6674E001186D1 /* MyScrollViewTests.m */; };
		171CD47721F6674E001186D1 /* MyScrollViewUITests.m in Sources */ = {isa = PBXBuildFile; fileRef = 171CD47621F6674E001186D1 /* MyScrollViewUITests.m */; };
		171CD48621F67D45001186D1 /* MyScrollView.m in Sources */ = {isa = PBXBuildFile; fileRef = 171CD48521F67D45001186D1 /* MyScrollView.m */; };
/* End PBXBuildFile section */

/* Begin PBXContainerItemProxy section */
		171CD46821F6674E001186D1 /* PBXContainerItemProxy */ = {
			isa = PBXContainerItemProxy;
			containerPortal = 171CD44721F6674C001186D1 /* Project object */;
			proxyType = 1;
			remoteGlobalIDString = 171CD44E21F6674C001186D1;
			remoteInfo = MyScrollView;
		};
		171CD47321F6674E001186D1 /* PBXContainerItemProxy */ = {
			isa = PBXContainerItemProxy;
			containerPortal = 171CD44721F6674C001186D1 /* Project object */;
			proxyType = 1;
			remoteGlobalIDString = 171CD44E21F6674C001186D1;
			remoteInfo = MyScrollView;
		};
/* End PBXContainerItemProxy section */

/* Begin PBXFileReference section */
		171CD44F21F6674C001186D1 /* MyScrollView.app */ = {isa = PBXFileReference; explicitFileType = wrapper.application; includeInIndex = 0; path = MyScrollView.app; sourceTree = BUILT_PRODUCTS_DIR; };
		171CD45221F6674C001186D1 /* AppDelegate.h */ = {isa = PBXFileReference; lastKnownFileType = sourcecode.c.h; path = AppDelegate.h; sourceTree = "<group>"; };
		171CD45321F6674C001186D1 /* AppDelegate.m */ = {isa = PBXFileReference; lastKnownFileType = sourcecode.c.objc; path = AppDelegate.m; sourceTree = "<group>"; };
		171CD45521F6674C001186D1 /* ViewController.h */ = {isa = PBXFileReference; lastKnownFileType = sourcecode.c.h; path = ViewController.h; sourceTree = "<group>"; };
		171CD45621F6674C001186D1 /* ViewController.m */ = {isa = PBXFileReference; lastKnownFileType = sourcecode.c.objc; path = ViewController.m; sourceTree = "<group>"; };
		171CD45921F6674C001186D1 /* Base */ = {isa = PBXFileReference; lastKnownFileType = file.storyboard; name = Base; path = Base.lproj/Main.storyboard; sourceTree = "<group>"; };
		171CD45B21F6674D001186D1 /* Assets.xcassets */ = {isa = PBXFileReference; lastKnownFileType = folder.assetcatalog; path = Assets.xcassets; sourceTree = "<group>"; };
		171CD45E21F6674D001186D1 /* Base */ = {isa = PBXFileReference; lastKnownFileType = file.storyboard; name = Base; path = Base.lproj/LaunchScreen.storyboard; sourceTree = "<group>"; };
		171CD46021F6674D001186D1 /* Info.plist */ = {isa = PBXFileReference; lastKnownFileType = text.plist.xml; path = Info.plist; sourceTree = "<group>"; };
		171CD46121F6674D001186D1 /* main.m */ = {isa = PBXFileReference; lastKnownFileType = sourcecode.c.objc; path = main.m; sourceTree = "<group>"; };
		171CD46721F6674E001186D1 /* MyScrollViewTests.xctest */ = {isa = PBXFileReference; explicitFileType = wrapper.cfbundle; includeInIndex = 0; path = MyScrollViewTests.xctest; sourceTree = BUILT_PRODUCTS_DIR; };
		171CD46B21F6674E001186D1 /* MyScrollViewTests.m */ = {isa = PBXFileReference; lastKnownFileType = sourcecode.c.objc; path = MyScrollViewTests.m; sourceTree = "<group>"; };
		171CD46D21F6674E001186D1 /* Info.plist */ = {isa = PBXFileReference; lastKnownFileType = text.plist.xml; path = Info.plist; sourceTree = "<group>"; };
		171CD47221F6674E001186D1 /* MyScrollViewUITests.xctest */ = {isa = PBXFileReference; explicitFileType = wrapper.cfbundle; includeInIndex = 0; path = MyScrollViewUITests.xctest; sourceTree = BUILT_PRODUCTS_DIR; };
		171CD47621F6674E001186D1 /* MyScrollViewUITests.m */ = {isa = PBXFileReference; lastKnownFileType = sourcecode.c.objc; path = MyScrollViewUITests.m; sourceTree = "<group>"; };
		171CD47821F6674E001186D1 /* Info.plist */ = {isa = PBXFileReference; lastKnownFileType = text.plist.xml; path = Info.plist; sourceTree = "<group>"; };
		171CD48421F67D45001186D1 /* MyScrollView.h */ = {isa = PBXFileReference; lastKnownFileType = sourcecode.c.h; path = MyScrollView.h; sourceTree = "<group>"; };
		171CD48521F67D45001186D1 /* MyScrollView.m */ = {isa = PBXFileReference; lastKnownFileType = sourcecode.c.objc; path = MyScrollView.m; sourceTree = "<group>"; };
/* End PBXFileReference section */

/* Begin PBXFrameworksBuildPhase section */
		171CD44C21F6674C001186D1 /* Frameworks */ = {
			isa = PBXFrameworksBuildPhase;
			buildActionMask = 2147483647;
			files = (
			);
			runOnlyForDeploymentPostprocessing = 0;
		};
		171CD46421F6674E001186D1 /* Frameworks */ = {
			isa = PBXFrameworksBuildPhase;
			buildActionMask = 2147483647;
			files = (
			);
			runOnlyForDeploymentPostprocessing = 0;
		};
		171CD46F21F6674E001186D1 /* Frameworks */ = {
			isa = PBXFrameworksBuildPhase;
			buildActionMask = 2147483647;
			files = (
			);
			runOnlyForDeploymentPostprocessing = 0;
		};
/* End PBXFrameworksBuildPhase section */

/* Begin PBXGroup section */
		171CD44621F6674C001186D1 = {
			isa = PBXGroup;
			children = (
				171CD45121F6674C001186D1 /* MyScrollView */,
				171CD46A21F6674E001186D1 /* MyScrollViewTests */,
				171CD47521F6674E001186D1 /* MyScrollViewUITests */,
				171CD45021F6674C001186D1 /* Products */,
			);
			sourceTree = "<group>";
		};
		171CD45021F6674C001186D1 /* Products */ = {
			isa = PBXGroup;
			children = (
				171CD44F21F6674C001186D1 /* MyScrollView.app */,
				171CD46721F6674E001186D1 /* MyScrollViewTests.xctest */,
				171CD47221F6674E001186D1 /* MyScrollViewUITests.xctest */,
			);
			name = Products;
			sourceTree = "<group>";
		};
		171CD45121F6674C001186D1 /* MyScrollView */ = {
			isa = PBXGroup;
			children = (
				171CD45221F6674C001186D1 /* AppDelegate.h */,
				171CD45321F6674C001186D1 /* AppDelegate.m */,
				171CD45521F6674C001186D1 /* ViewController.h */,
				171CD45621F6674C001186D1 /* ViewController.m */,
				171CD48421F67D45001186D1 /* MyScrollView.h */,
				171CD48521F67D45001186D1 /* MyScrollView.m */,
				171CD45821F6674C001186D1 /* Main.storyboard */,
				171CD45B21F6674D001186D1 /* Assets.xcassets */,
				171CD45D21F6674D001186D1 /* LaunchScreen.storyboard */,
				171CD46021F6674D001186D1 /* Info.plist */,
				171CD46121F6674D001186D1 /* main.m */,
			);
			path = MyScrollView;
			sourceTree = "<group>";
		};
		171CD46A21F6674E001186D1 /* MyScrollViewTests */ = {
			isa = PBXGroup;
			children = (
				171CD46B21F6674E001186D1 /* MyScrollViewTests.m */,
				171CD46D21F6674E001186D1 /* Info.plist */,
			);
			path = MyScrollViewTests;
			sourceTree = "<group>";
		};
		171CD47521F6674E001186D1 /* MyScrollViewUITests */ = {
			isa = PBXGroup;
			children = (
				171CD47621F6674E001186D1 /* MyScrollViewUITests.m */,
				171CD47821F6674E001186D1 /* Info.plist */,
			);
			path = MyScrollViewUITests;
			sourceTree = "<group>";
		};
/* End PBXGroup section */

/* Begin PBXNativeTarget section */
		171CD44E21F6674C001186D1 /* MyScrollView */ = {
			isa = PBXNativeTarget;
			buildConfigurationList = 171CD47B21F6674E001186D1 /* Build configuration list for PBXNativeTarget "MyScrollView" */;
			buildPhases = (
				171CD44B21F6674C001186D1 /* Sources */,
				171CD44C21F6674C001186D1 /* Frameworks */,
				171CD44D21F6674C001186D1 /* Resources */,
			);
			buildRules = (
			);
			dependencies = (
			);
			name = MyScrollView;
			productName = MyScrollView;
			productReference = 171CD44F21F6674C001186D1 /* MyScrollView.app */;
			productType = "com.apple.product-type.application";
		};
		171CD46621F6674E001186D1 /* MyScrollViewTests */ = {
			isa = PBXNativeTarget;
			buildConfigurationList = 171CD47E21F6674E001186D1 /* Build configuration list for PBXNativeTarget "MyScrollViewTests" */;
			buildPhases = (
				171CD46321F6674E001186D1 /* Sources */,
				171CD46421F6674E001186D1 /* Frameworks */,
				171CD46521F6674E001186D1 /* Resources */,
			);
			buildRules = (
			);
			dependencies = (
				171CD46921F6674E001186D1 /* PBXTargetDependency */,
			);
			name = MyScrollViewTests;
			productName = MyScrollViewTests;
			productReference = 171CD46721F6674E001186D1 /* MyScrollViewTests.xctest */;
			productType = "com.apple.product-type.bundle.unit-test";
		};
		171CD47121F6674E001186D1 /* MyScrollViewUITests */ = {
			isa = PBXNativeTarget;
			buildConfigurationList = 171CD48121F6674E001186D1 /* Build configuration list for PBXNativeTarget "MyScrollViewUITests" */;
			buildPhases = (
				171CD46E21F6674E001186D1 /* Sources */,
				171CD46F21F6674E001186D1 /* Frameworks */,
				171CD47021F6674E001186D1 /* Resources */,
			);
			buildRules = (
			);
			dependencies = (
				171CD47421F6674E001186D1 /* PBXTargetDependency */,
			);
			name = MyScrollViewUITests;
			productName = MyScrollViewUITests;
			productReference = 171CD47221F6674E001186D1 /* MyScrollViewUITests.xctest */;
			productType = "com.apple.product-type.bundle.ui-testing";
		};
/* End PBXNativeTarget section */

/* Begin PBXProject section */
		171CD44721F6674C001186D1 /* Project object */ = {
			isa = PBXProject;
			attributes = {
				LastUpgradeCheck = 1010;
				ORGANIZATIONNAME = "Matthew Chan";
				TargetAttributes = {
					171CD44E21F6674C001186D1 = {
						CreatedOnToolsVersion = 10.1;
					};
					171CD46621F6674E001186D1 = {
						CreatedOnToolsVersion = 10.1;
						TestTargetID = 171CD44E21F6674C001186D1;
					};
					171CD47121F6674E001186D1 = {
						CreatedOnToolsVersion = 10.1;
						TestTargetID = 171CD44E21F6674C001186D1;
					};
				};
			};
			buildConfigurationList = 171CD44A21F6674C001186D1 /* Build configuration list for PBXProject "MyScrollView" */;
			compatibilityVersion = "Xcode 9.3";
			developmentRegion = en;
			hasScannedForEncodings = 0;
			knownRegions = (
				en,
				Base,
			);
			mainGroup = 171CD44621F6674C001186D1;
			productRefGroup = 171CD45021F6674C001186D1 /* Products */;
			projectDirPath = "";
			projectRoot = "";
			targets = (
				171CD44E21F6674C001186D1 /* MyScrollView */,
				171CD46621F6674E001186D1 /* MyScrollViewTests */,
				171CD47121F6674E001186D1 /* MyScrollViewUITests */,
			);
		};
/* End PBXProject section */

/* Begin PBXResourcesBuildPhase section */
		171CD44D21F6674C001186D1 /* Resources */ = {
			isa = PBXResourcesBuildPhase;
			buildActionMask = 2147483647;
			files = (
				171CD45F21F6674D001186D1 /* LaunchScreen.storyboard in Resources */,
				171CD45C21F6674D001186D1 /* Assets.xcassets in Resources */,
				171CD45A21F6674C001186D1 /* Main.storyboard in Resources */,
			);
			runOnlyForDeploymentPostprocessing = 0;
		};
		171CD46521F6674E001186D1 /* Resources */ = {
			isa = PBXResourcesBuildPhase;
			buildActionMask = 2147483647;
			files = (
			);
			runOnlyForDeploymentPostprocessing = 0;
		};
		171CD47021F6674E001186D1 /* Resources */ = {
			isa = PBXResourcesBuildPhase;
			buildActionMask = 2147483647;
			files = (
			);
			runOnlyForDeploymentPostprocessing = 0;
		};
/* End PBXResourcesBuildPhase section */

/* Begin PBXSourcesBuildPhase section */
		171CD44B21F6674C001186D1 /* Sources */ = {
			isa = PBXSourcesBuildPhase;
			buildActionMask = 2147483647;
			files = (
				171CD45721F6674C001186D1 /* ViewController.m in Sources */,
				171CD48621F67D45001186D1 /* MyScrollView.m in Sources */,
				171CD46221F6674D001186D1 /* main.m in Sources */,
				171CD45421F6674C001186D1 /* AppDelegate.m in Sources */,
			);
			runOnlyForDeploymentPostprocessing = 0;
		};
		171CD46321F6674E001186D1 /* Sources */ = {
			isa = PBXSourcesBuildPhase;
			buildActionMask = 2147483647;
			files = (
				171CD46C21F6674E001186D1 /* MyScrollViewTests.m in Sources */,
			);
			runOnlyForDeploymentPostprocessing = 0;
		};
		171CD46E21F6674E001186D1 /* Sources */ = {
			isa = PBXSourcesBuildPhase;
			buildActionMask = 2147483647;
			files = (
				171CD47721F6674E001186D1 /* MyScrollViewUITests.m in Sources */,
			);
			runOnlyForDeploymentPostprocessing = 0;
		};
/* End PBXSourcesBuildPhase section */

/* Begin PBXTargetDependency section */
		171CD46921F6674E001186D1 /* PBXTargetDependency */ = {
			isa = PBXTargetDependency;
			target = 171CD44E21F6674C001186D1 /* MyScrollView */;
			targetProxy = 171CD46821F6674E001186D1 /* PBXContainerItemProxy */;
		};
		171CD47421F6674E001186D1 /* PBXTargetDependency */ = {
			isa = PBXTargetDependency;
			target = 171CD44E21F6674C001186D1 /* MyScrollView */;
			targetProxy = 171CD47321F6674E001186D1 /* PBXContainerItemProxy */;
		};
/* End PBXTargetDependency section */

/* Begin PBXVariantGroup section */
		171CD45821F6674C001186D1 /* Main.storyboard */ = {
			isa = PBXVariantGroup;
			children = (
				171CD45921F6674C001186D1 /* Base */,
			);
			name = Main.storyboard;
			sourceTree = "<group>";
		};
		171CD45D21F6674D001186D1 /* LaunchScreen.storyboard */ = {
			isa = PBXVariantGroup;
			children = (
				171CD45E21F6674D001186D1 /* Base */,
			);
			name = LaunchScreen.storyboard;
			sourceTree = "<group>";
		};
/* End PBXVariantGroup section */

/* Begin XCBuildConfiguration section */
		171CD47921F6674E001186D1 /* Debug */ = {
			isa = XCBuildConfiguration;
			buildSettings = {
				ALWAYS_SEARCH_USER_PATHS = NO;
				CLANG_ANALYZER_NONNULL = YES;
				CLANG_ANALYZER_NUMBER_OBJECT_CONVERSION = YES_AGGRESSIVE;
				CLANG_CXX_LANGUAGE_STANDARD = "gnu++14";
				CLANG_CXX_LIBRARY = "libc++";
				CLANG_ENABLE_MODULES = YES;
				CLANG_ENABLE_OBJC_ARC = YES;
				CLANG_ENABLE_OBJC_WEAK = YES;
				CLANG_WARN_BLOCK_CAPTURE_AUTORELEASING = YES;
				CLANG_WARN_BOOL_CONVERSION = YES;
				CLANG_WARN_COMMA = YES;
				CLANG_WARN_CONSTANT_CONVERSION = YES;
				CLANG_WARN_DEPRECATED_OBJC_IMPLEMENTATIONS = YES;
				CLANG_WARN_DIRECT_OBJC_ISA_USAGE = YES_ERROR;
				CLANG_WARN_DOCUMENTATION_COMMENTS = YES;
				CLANG_WARN_EMPTY_BODY = YES;
				CLANG_WARN_ENUM_CONVERSION = YES;
				CLANG_WARN_INFINITE_RECURSION = YES;
				CLANG_WARN_INT_CONVERSION = YES;
				CLANG_WARN_NON_LITERAL_NULL_CONVERSION = YES;
				CLANG_WARN_OBJC_IMPLICIT_RETAIN_SELF = YES;
				CLANG_WARN_OBJC_LITERAL_CONVERSION = YES;
				CLANG_WARN_OBJC_ROOT_CLASS = YES_ERROR;
				CLANG_WARN_RANGE_LOOP_ANALYSIS = YES;
				CLANG_WARN_STRICT_PROTOTYPES = YES;
				CLANG_WARN_SUSPICIOUS_MOVE = YES;
				CLANG_WARN_UNGUARDED_AVAILABILITY = YES_AGGRESSIVE;
				CLANG_WARN_UNREACHABLE_CODE = YES;
				CLANG_WARN__DUPLICATE_METHOD_MATCH = YES;
				CODE_SIGN_IDENTITY = "iPhone Developer";
				COPY_PHASE_STRIP = NO;
				DEBUG_INFORMATION_FORMAT = dwarf;
				ENABLE_STRICT_OBJC_MSGSEND = YES;
				ENABLE_TESTABILITY = YES;
				GCC_C_LANGUAGE_STANDARD = gnu11;
				GCC_DYNAMIC_NO_PIC = NO;
				GCC_NO_COMMON_BLOCKS = YES;
				GCC_OPTIMIZATION_LEVEL = 0;
				GCC_PREPROCESSOR_DEFINITIONS = (
					"DEBUG=1",
					"$(inherited)",
				);
				GCC_WARN_64_TO_32_BIT_CONVERSION = YES;
				GCC_WARN_ABOUT_RETURN_TYPE = YES_ERROR;
				GCC_WARN_UNDECLARED_SELECTOR = YES;
				GCC_WARN_UNINITIALIZED_AUTOS = YES_AGGRESSIVE;
				GCC_WARN_UNUSED_FUNCTION = YES;
				GCC_WARN_UNUSED_VARIABLE = YES;
				IPHONEOS_DEPLOYMENT_TARGET = 12.1;
				MTL_ENABLE_DEBUG_INFO = INCLUDE_SOURCE;
				MTL_FAST_MATH = YES;
				ONLY_ACTIVE_ARCH = YES;
				SDKROOT = iphoneos;
			};
			name = Debug;
		};
		171CD47A21F6674E001186D1 /* Release */ = {
			isa = XCBuildConfiguration;
			buildSettings = {
				ALWAYS_SEARCH_USER_PATHS = NO;
				CLANG_ANALYZER_NONNULL = YES;
				CLANG_ANALYZER_NUMBER_OBJECT_CONVERSION = YES_AGGRESSIVE;
				CLANG_CXX_LANGUAGE_STANDARD = "gnu++14";
				CLANG_CXX_LIBRARY = "libc++";
				CLANG_ENABLE_MODULES = YES;
				CLANG_ENABLE_OBJC_ARC = YES;
				CLANG_ENABLE_OBJC_WEAK = YES;
				CLANG_WARN_BLOCK_CAPTURE_AUTORELEASING = YES;
				CLANG_WARN_BOOL_CONVERSION = YES;
				CLANG_WARN_COMMA = YES;
				CLANG_WARN_CONSTANT_CONVERSION = YES;
				CLANG_WARN_DEPRECATED_OBJC_IMPLEMENTATIONS = YES;
				CLANG_WARN_DIRECT_OBJC_ISA_USAGE = YES_ERROR;
				CLANG_WARN_DOCUMENTATION_COMMENTS = YES;
				CLANG_WARN_EMPTY_BODY = YES;
				CLANG_WARN_ENUM_CONVERSION = YES;
				CLANG_WARN_INFINITE_RECURSION = YES;
				CLANG_WARN_INT_CONVERSION = YES;
				CLANG_WARN_NON_LITERAL_NULL_CONVERSION = YES;
				CLANG_WARN_OBJC_IMPLICIT_RETAIN_SELF = YES;
				CLANG_WARN_OBJC_LITERAL_CONVERSION = YES;
				CLANG_WARN_OBJC_ROOT_CLASS = YES_ERROR;
				CLANG_WARN_RANGE_LOOP_ANALYSIS = YES;
				CLANG_WARN_STRICT_PROTOTYPES = YES;
				CLANG_WARN_SUSPICIOUS_MOVE = YES;
				CLANG_WARN_UNGUARDED_AVAILABILITY = YES_AGGRESSIVE;
				CLANG_WARN_UNREACHABLE_CODE = YES;
				CLANG_WARN__DUPLICATE_METHOD_MATCH = YES;
				CODE_SIGN_IDENTITY = "iPhone Developer";
				COPY_PHASE_STRIP = NO;
				DEBUG_INFORMATION_FORMAT = "dwarf-with-dsym";
				ENABLE_NS_ASSERTIONS = NO;
				ENABLE_STRICT_OBJC_MSGSEND = YES;
				GCC_C_LANGUAGE_STANDARD = gnu11;
				GCC_NO_COMMON_BLOCKS = YES;
				GCC_WARN_64_TO_32_BIT_CONVERSION = YES;
				GCC_WARN_ABOUT_RETURN_TYPE = YES_ERROR;
				GCC_WARN_UNDECLARED_SELECTOR = YES;
				GCC_WARN_UNINITIALIZED_AUTOS = YES_AGGRESSIVE;
				GCC_WARN_UNUSED_FUNCTION = YES;
				GCC_WARN_UNUSED_VARIABLE = YES;
				IPHONEOS_DEPLOYMENT_TARGET = 12.1;
				MTL_ENABLE_DEBUG_INFO = NO;
				MTL_FAST_MATH = YES;
				SDKROOT = iphoneos;
				VALIDATE_PRODUCT = YES;
			};
			name = Release;
		};
		171CD47C21F6674E001186D1 /* Debug */ = {
			isa = XCBuildConfiguration;
			buildSettings = {
				ASSETCATALOG_COMPILER_APPICON_NAME = AppIcon;
				CODE_SIGN_STYLE = Automatic;
				DEVELOPMENT_TEAM = X3GKR9NFG3;
				INFOPLIST_FILE = MyScrollView/Info.plist;
				LD_RUNPATH_SEARCH_PATHS = (
					"$(inherited)",
					"@executable_path/Frameworks",
				);
				PRODUCT_BUNDLE_IDENTIFIER = Matthew.MyScrollView;
				PRODUCT_NAME = "$(TARGET_NAME)";
				TARGETED_DEVICE_FAMILY = "1,2";
			};
			name = Debug;
		};
		171CD47D21F6674E001186D1 /* Release */ = {
			isa = XCBuildConfiguration;
			buildSettings = {
				ASSETCATALOG_COMPILER_APPICON_NAME = AppIcon;
				CODE_SIGN_STYLE = Automatic;
				DEVELOPMENT_TEAM = X3GKR9NFG3;
				INFOPLIST_FILE = MyScrollView/Info.plist;
				LD_RUNPATH_SEARCH_PATHS = (
					"$(inherited)",
					"@executable_path/Frameworks",
				);
				PRODUCT_BUNDLE_IDENTIFIER = Matthew.MyScrollView;
				PRODUCT_NAME = "$(TARGET_NAME)";
				TARGETED_DEVICE_FAMILY = "1,2";
			};
			name = Release;
		};
		171CD47F21F6674E001186D1 /* Debug */ = {
			isa = XCBuildConfiguration;
			buildSettings = {
				BUNDLE_LOADER = "$(TEST_HOST)";
				CODE_SIGN_STYLE = Automatic;
				DEVELOPMENT_TEAM = X3GKR9NFG3;
				INFOPLIST_FILE = MyScrollViewTests/Info.plist;
				LD_RUNPATH_SEARCH_PATHS = (
					"$(inherited)",
					"@executable_path/Frameworks",
					"@loader_path/Frameworks",
				);
				PRODUCT_BUNDLE_IDENTIFIER = Matthew.MyScrollViewTests;
				PRODUCT_NAME = "$(TARGET_NAME)";
				TARGETED_DEVICE_FAMILY = "1,2";
				TEST_HOST = "$(BUILT_PRODUCTS_DIR)/MyScrollView.app/MyScrollView";
			};
			name = Debug;
		};
		171CD48021F6674E001186D1 /* Release */ = {
			isa = XCBuildConfiguration;
			buildSettings = {
				BUNDLE_LOADER = "$(TEST_HOST)";
				CODE_SIGN_STYLE = Automatic;
				DEVELOPMENT_TEAM = X3GKR9NFG3;
				INFOPLIST_FILE = MyScrollViewTests/Info.plist;
				LD_RUNPATH_SEARCH_PATHS = (
					"$(inherited)",
					"@executable_path/Frameworks",
					"@loader_path/Frameworks",
				);
				PRODUCT_BUNDLE_IDENTIFIER = Matthew.MyScrollViewTests;
				PRODUCT_NAME = "$(TARGET_NAME)";
				TARGETED_DEVICE_FAMILY = "1,2";
				TEST_HOST = "$(BUILT_PRODUCTS_DIR)/MyScrollView.app/MyScrollView";
			};
			name = Release;
		};
		171CD48221F6674E001186D1 /* Debug */ = {
			isa = XCBuildConfiguration;
			buildSettings = {
				CODE_SIGN_STYLE = Automatic;
				DEVELOPMENT_TEAM = X3GKR9NFG3;
				INFOPLIST_FILE = MyScrollViewUITests/Info.plist;
				LD_RUNPATH_SEARCH_PATHS = (
					"$(inherited)",
					"@executable_path/Frameworks",
					"@loader_path/Frameworks",
				);
				PRODUCT_BUNDLE_IDENTIFIER = Matthew.MyScrollViewUITests;
				PRODUCT_NAME = "$(TARGET_NAME)";
				TARGETED_DEVICE_FAMILY = "1,2";
				TEST_TARGET_NAME = MyScrollView;
			};
			name = Debug;
		};
		171CD48321F6674E001186D1 /* Release */ = {
			isa = XCBuildConfiguration;
			buildSettings = {
				CODE_SIGN_STYLE = Automatic;
				DEVELOPMENT_TEAM = X3GKR9NFG3;
				INFOPLIST_FILE = MyScrollViewUITests/Info.plist;
				LD_RUNPATH_SEARCH_PATHS = (
					"$(inherited)",
					"@executable_path/Frameworks",
					"@loader_path/Frameworks",
				);
				PRODUCT_BUNDLE_IDENTIFIER = Matthew.MyScrollViewUITests;
				PRODUCT_NAME = "$(TARGET_NAME)";
				TARGETED_DEVICE_FAMILY = "1,2";
				TEST_TARGET_NAME = MyScrollView;
			};
			name = Release;
		};
/* End XCBuildConfiguration section */

/* Begin XCConfigurationList section */
		171CD44A21F6674C001186D1 /* Build configuration list for PBXProject "MyScrollView" */ = {
			isa = XCConfigurationList;
			buildConfigurations = (
				171CD47921F6674E001186D1 /* Debug */,
				171CD47A21F6674E001186D1 /* Release */,
			);
			defaultConfigurationIsVisible = 0;
			defaultConfigurationName = Release;
		};
		171CD47B21F6674E001186D1 /* Build configuration list for PBXNativeTarget "MyScrollView" */ = {
			isa = XCConfigurationList;
			buildConfigurations = (
				171CD47C21F6674E001186D1 /* Debug */,
				171CD47D21F6674E001186D1 /* Release */,
			);
			defaultConfigurationIsVisible = 0;
			defaultConfigurationName = Release;
		};
		171CD47E21F6674E001186D1 /* Build configuration list for PBXNativeTarget "MyScrollViewTests" */ = {
			isa = XCConfigurationList;
			buildConfigurations = (
				171CD47F21F6674E001186D1 /* Debug */,
				171CD48021F6674E001186D1 /* Release */,
			);
			defaultConfigurationIsVisible = 0;
			defaultConfigurationName = Release;
		};
		171CD48121F6674E001186D1 /* Build configuration list for PBXNativeTarget "MyScrollViewUITests" */ = {
			isa = XCConfigurationList;
			buildConfigurations = (
				171CD48221F6674E001186D1 /* Debug */,
				171CD48321F6674E001186D1 /* Release */,
			);
			defaultConfigurationIsVisible = 0;
			defaultConfigurationName = Release;
		};
/* End XCConfigurationList section */
	};
	rootObject = 171CD44721F6674C001186D1 /* Project object */;
}
